<Solution>
  <Folder Name="/src/">
    <Project Path="src/RenkKapis.ConsoleSim/RenkKapis.ConsoleSim.csproj" />
    <Project Path="src/RenkKapis.Core/RenkKapis.Core.csproj" />
  </Folder>
  <Folder Name="/tests/">
    <Project Path="tests/RenkKapis.Core.Tests/RenkKapis.Core.Tests.csproj" />
  </Folder>
</Solution>
